
Microsoft Visual Studio Solution File, Format Version 12.00
# Visual Studio Version 17
VisualStudioVersion = 17.10.34916.146
MinimumVisualStudioVersion = 10.0.40219.1
Project("{FAE04EC0-301F-11D3-BF4B-00C04F79EFBC}") = "CesiumIonRevitAddin_2024", "CesiumIonRevitAddin_2024\CesiumIonRevitAddin_2024.csproj", "{B0ED72C2-CD9A-4E86-A091-FA328B2F542C}"
EndProject
Project("{2150E333-8FDC-42A3-9474-1A3956D46DE8}") = "Solution Items", "Solution Items", "{B1184186-F266-4080-8E7F-42A0E8787AA2}"
	ProjectSection(SolutionItems) = preProject
		.editorconfig = .editorconfig
	EndProjectSection
EndProject
Project("{D954291E-2A0B-460D-934E-DC6B0785DB48}") = "CesiumIonRevitAddin", "CesiumIonRevitAddin\CesiumIonRevitAddin.shproj", "{1DD3FFA0-AD97-4E51-8FAB-9A065C71AC64}"
EndProject
Project("{9A19103F-16F7-4668-BE54-9A1E7A4F7556}") = "CesiumIonRevitAddin_2025", "CesiumIonRevitAddin_2025\CesiumIonRevitAddin_2025.csproj", "{F2E68FA5-010E-4C3E-A861-3BBC3AB90E08}"
EndProject
Project("{FAE04EC0-301F-11D3-BF4B-00C04F79EFBC}") = "CesiumIonRevitAddin_2023", "CesiumIonRevitAddin_2023\CesiumIonRevitAddin_2023.csproj", "{9AA1E96B-5910-40C0-A871-DDCF118474AB}"
EndProject
Project("{FAE04EC0-301F-11D3-BF4B-00C04F79EFBC}") = "CesiumIonRevitAddin_2022", "CesiumIonRevitAddin_2022\CesiumIonRevitAddin_2022.csproj", "{C23BB660-F85F-44DC-872E-47BF1D476DFD}"
EndProject
Project("{9A19103F-16F7-4668-BE54-9A1E7A4F7556}") = "GenerateHelp", "GenerateHelp\GenerateHelp.csproj", "{4E152EF8-2B09-4F6F-8FB1-184921AE55C0}"
EndProject
Global
	GlobalSection(SolutionConfigurationPlatforms) = preSolution
		Debug|Any CPU = Debug|Any CPU
		Release|Any CPU = Release|Any CPU
	EndGlobalSection
	GlobalSection(ProjectConfigurationPlatforms) = postSolution
		{B0ED72C2-CD9A-4E86-A091-FA328B2F542C}.Debug|Any CPU.ActiveCfg = Debug|Any CPU
		{B0ED72C2-CD9A-4E86-A091-FA328B2F542C}.Debug|Any CPU.Build.0 = Debug|Any CPU
		{B0ED72C2-CD9A-4E86-A091-FA328B2F542C}.Release|Any CPU.ActiveCfg = Release|Any CPU
		{B0ED72C2-CD9A-4E86-A091-FA328B2F542C}.Release|Any CPU.Build.0 = Release|Any CPU
		{F2E68FA5-010E-4C3E-A861-3BBC3AB90E08}.Debug|Any CPU.ActiveCfg = Debug|Any CPU
		{F2E68FA5-010E-4C3E-A861-3BBC3AB90E08}.Debug|Any CPU.Build.0 = Debug|Any CPU
		{F2E68FA5-010E-4C3E-A861-3BBC3AB90E08}.Release|Any CPU.ActiveCfg = Release|Any CPU
		{F2E68FA5-010E-4C3E-A861-3BBC3AB90E08}.Release|Any CPU.Build.0 = Release|Any CPU
		{9AA1E96B-5910-40C0-A871-DDCF118474AB}.Debug|Any CPU.ActiveCfg = Debug|Any CPU
		{9AA1E96B-5910-40C0-A871-DDCF118474AB}.Debug|Any CPU.Build.0 = Debug|Any CPU
		{9AA1E96B-5910-40C0-A871-DDCF118474AB}.Release|Any CPU.ActiveCfg = Release|Any CPU
		{9AA1E96B-5910-40C0-A871-DDCF118474AB}.Release|Any CPU.Build.0 = Release|Any CPU
		{C23BB660-F85F-44DC-872E-47BF1D476DFD}.Debug|Any CPU.ActiveCfg = Debug|Any CPU
		{C23BB660-F85F-44DC-872E-47BF1D476DFD}.Debug|Any CPU.Build.0 = Debug|Any CPU
		{C23BB660-F85F-44DC-872E-47BF1D476DFD}.Release|Any CPU.ActiveCfg = Release|Any CPU
		{C23BB660-F85F-44DC-872E-47BF1D476DFD}.Release|Any CPU.Build.0 = Release|Any CPU
		{4E152EF8-2B09-4F6F-8FB1-184921AE55C0}.Debug|Any CPU.ActiveCfg = Debug|Any CPU
		{4E152EF8-2B09-4F6F-8FB1-184921AE55C0}.Release|Any CPU.ActiveCfg = Release|Any CPU
	EndGlobalSection
	GlobalSection(SolutionProperties) = preSolution
		HideSolutionNode = FALSE
	EndGlobalSection
	GlobalSection(ExtensibilityGlobals) = postSolution
		SolutionGuid = {9935126A-47E0-4852-97AD-943EDFB38C2E}
	EndGlobalSection
	GlobalSection(SharedMSBuildProjectFiles) = preSolution
		CesiumIonRevitAddin\CesiumIonRevitAddin.projitems*{1dd3ffa0-ad97-4e51-8fab-9a065c71ac64}*SharedItemsImports = 13
		CesiumIonRevitAddin\CesiumIonRevitAddin.projitems*{9aa1e96b-5910-40c0-a871-ddcf118474ab}*SharedItemsImports = 4
		CesiumIonRevitAddin\CesiumIonRevitAddin.projitems*{b0ed72c2-cd9a-4e86-a091-fa328b2f542c}*SharedItemsImports = 4
		CesiumIonRevitAddin\CesiumIonRevitAddin.projitems*{c23bb660-f85f-44dc-872e-47bf1d476dfd}*SharedItemsImports = 4
		CesiumIonRevitAddin\CesiumIonRevitAddin.projitems*{f2e68fa5-010e-4c3e-a861-3bbc3ab90e08}*SharedItemsImports = 5
	EndGlobalSection
EndGlobal
